{
  "object": {
    "pins": [
      {
        "package": "swift-argument-parser",
        "repositoryURL": "https://github.com/apple/swift-argument-parser",
        "state": {
          "branch": null,
          "revision": "e394bf350e38cb100b6bc4172834770ede1b7232",
          "version": "1.0.3"
        }
      },
      {
        "package": "SyxPack",
        "repositoryURL": "https://github.com/coniferprod/SyxPack",
        "state": {
          "branch": null,
          "revision": "8994eb7505b19d511393d42a44655f4ad7105b1f",
          "version": "0.6.6"
        }
      }
    ]
  },
  "version": 1
}
